
Microsoft Visual Studio Solution File, Format Version 12.00
# Visual Studio 15
VisualStudioVersion = 15.0.28307.438
MinimumVisualStudioVersion = 10.0.40219.1
Project("{FAE04EC0-301F-11D3-BF4B-00C04F79EFBC}") = "Empresa", "Empresa\Empresa.csproj", "{6772097A-CC42-412A-92CF-1C04A55C6333}"
EndProject
Global
	GlobalSection(SolutionConfigurationPlatforms) = preSolution
		Debug|Any CPU = Debug|Any CPU
		Release|Any CPU = Release|Any CPU
	EndGlobalSection
	GlobalSection(ProjectConfigurationPlatforms) = postSolution
		{6772097A-CC42-412A-92CF-1C04A55C6333}.Debug|Any CPU.ActiveCfg = Debug|Any CPU
		{6772097A-CC42-412A-92CF-1C04A55C6333}.Debug|Any CPU.Build.0 = Debug|Any CPU
		{6772097A-CC42-412A-92CF-1C04A55C6333}.Release|Any CPU.ActiveCfg = Release|Any CPU
		{6772097A-CC42-412A-92CF-1C04A55C6333}.Release|Any CPU.Build.0 = Release|Any CPU
	EndGlobalSection
	GlobalSection(SolutionProperties) = preSolution
		HideSolutionNode = FALSE
	EndGlobalSection
	GlobalSection(ExtensibilityGlobals) = postSolution
		SolutionGuid = {649AE601-F7E0-4C6D-B734-B5BD460A5179}
	EndGlobalSection
EndGlobal
